
Microsoft Visual Studio Solution File, Format Version 12.00
# Visual Studio Version 16
VisualStudioVersion = 16.0.30404.54
MinimumVisualStudioVersion = 10.0.40219.1
Project("{FAE04EC0-301F-11D3-BF4B-00C04F79EFBC}") = "Password Maker", "Password Maker\Password Maker.csproj", "{BCBDCFF4-9E02-4957-9CA0-44D6F90F5437}"
EndProject
Global
	GlobalSection(SolutionConfigurationPlatforms) = preSolution
		Debug|Any CPU = Debug|Any CPU
		Release|Any CPU = Release|Any CPU
	EndGlobalSection
	GlobalSection(ProjectConfigurationPlatforms) = postSolution
		{BCBDCFF4-9E02-4957-9CA0-44D6F90F5437}.Debug|Any CPU.ActiveCfg = Debug|Any CPU
		{BCBDCFF4-9E02-4957-9CA0-44D6F90F5437}.Debug|Any CPU.Build.0 = Debug|Any CPU
		{BCBDCFF4-9E02-4957-9CA0-44D6F90F5437}.Release|Any CPU.ActiveCfg = Release|Any CPU
		{BCBDCFF4-9E02-4957-9CA0-44D6F90F5437}.Release|Any CPU.Build.0 = Release|Any CPU
	EndGlobalSection
	GlobalSection(SolutionProperties) = preSolution
		HideSolutionNode = FALSE
	EndGlobalSection
	GlobalSection(ExtensibilityGlobals) = postSolution
		SolutionGuid = {2D52B38B-46A9-442F-AC14-C273871F7A6A}
	EndGlobalSection
EndGlobal
